version = 1
revision = 3
requires-python = ">=3.13"
resolution-markers = [
    "python_full_version >= '3.14'",
    "python_full_version < '3.14'",
]

[[package]]
name = "anyio"
version = "4.14.0"
source = { registry = "https://pypi.org/simple" }
dependencies = [
    { name = "idna" },
]
sdist = { url = "https://files.pythonhosted.org/packages/1c/b5/001890774a9552aff22502b8da382593109ce0c95314abaebbb116567545/anyio-4.14.0.tar.gz", hash = "sha256:b47c1f9ccf73e67021df785332508f99379c68fa7d0684e8e3492cb1d4b23f89", size = 253586, upload-time = "2026-06-15T22:00:49.021Z" }
wheels = [
    { url = "https://files.pythonhosted.org/packages/ba/16/9826f089383c593cdfc4a6e5aca94d9e91ae1692c57af82c3b2aa5e810f7/anyio-4.14.0-py3-none-any.whl", hash = "sha256:dd9b7a2a9799ed6552fde617b2c5df02b7fdd7d88392fc48101e51bae46164d9", size = 123506, upload-time = "2026-06-15T22:00:47.595Z" },
]

[[package]]
name = "certifi"
version = "2026.6.17"
source = { registry = "https://pypi.org/simple" }
sdist = { url = "https://files.pythonhosted.org/packages/c9/c7/424b75da314c1045981bd9777432fad05a9e0c69daa4ed7e308bbaffe405/certifi-2026.6.17.tar.gz", hash = "sha256:024c88eeec92ca068db80f02b8b07c9cef7b9fe261d1d535abfd5abd6f6af432", size = 134594, upload-time = "2026-06-17T10:31:07.894Z" }
wheels = [
    { url = "https://files.pythonhosted.org/packages/ef/2f/c5464532e965badff2f4c4c1a3a83f5697f0d7c407ed0cda44aaa99bb451/certifi-2026.6.17-py3-none-any.whl", hash = "sha256:2227dcbaafe0d2f59279d1762ddddc37783ed4354594f194ffc31d20f41fc3db", size = 133289, upload-time = "2026-06-17T10:31:06.348Z" },
]

[[package]]
name = "clickhouse-connect"
version = "1.3.0"
source = { registry = "https://pypi.org/simple" }
dependencies = [
    { name = "certifi" },
    { name = "lz4" },
    { name = "tzdata", marker = "sys_platform == 'win32'" },
    { name = "urllib3" },
    { name = "zstandard" },
]
sdist = { url = "https://files.pythonhosted.org/packages/40/b4/720c5f4cdfe4bf716001d3a8db24b9ba94e7ad709e626a067502ed457199/clickhouse_connect-1.3.0.tar.gz", hash = "sha256:32e780ff3de62dbff2ff21eaf0501582b5365fba6c42227e203664379312e33e", size = 164472, upload-time = "2026-06-11T14:50:18.159Z" }
wheels = [
    { url = "https://files.pythonhosted.org/packages/12/24/c18f4e78237b06baa74c0df3feffff0a48a0bc5c407215f6c9f6e8f82d70/clickhouse_connect-1.3.0-cp313-cp313-macosx_10_13_x86_64.whl", hash = "sha256:ac62f270da013a6bb224a135fbebb8cefbc7137371d9fca9c3a58b55daa7b023", size = 342363, upload-time = "2026-06-11T14:49:26.284Z" },
    { url = "https://files.pythonhosted.org/packages/77/15/2589333eee4f9ce018a50828e5203a7e8a9889d36f7621509b8012eb46f8/clickhouse_connect-1.3.0-cp313-cp313-macosx_11_0_arm64.whl", hash = "sha256:9164b2d021eb4f8474767a301e196ffdb045ee960e9b68fc00c53b975ea10e79", size = 331014, upload-time = "2026-06-11T14:49:27.802Z" },
    { url = "https://files.pythonhosted.org/packages/d2/92/afea9053138c9991dcd8747e1b271427ca0f5271dfbebf853f1d5f5f840f/clickhouse_connect-1.3.0-cp313-cp313-manylinux2014_aarch64.manylinux_2_17_aarch64.manylinux_2_28_aarch64.whl", hash = "sha256:2432a22aab181a483f3dc6b398c8f641099f2d71bb9289ec84de9643a3b96493", size = 1255688, upload-time = "2026-06-11T14:49:29.26Z" },
    { url = "https://files.pythonhosted.org/packages/2b/e3/8c64e9530c64874760f3d013fe00a3c1463a5a5d758a7a943279d7e53a74/clickhouse_connect-1.3.0-cp313-cp313-manylinux2014_x86_64.manylinux_2_17_x86_64.manylinux_2_28_x86_64.whl", hash = "sha256:dee1b1d91258859260b7a2059fea87e1ee52f006e4a99a76ef21aa67a31face5", size = 1277867, upload-time = "2026-06-11T14:49:31.072Z" },
    { url = "https://files.pythonhosted.org/packages/37/f9/243137b951523e78e48981739eabf3986bb4d82c4f9c07656781ab6b3794/clickhouse_connect-1.3.0-cp313-cp313-musllinux_1_2_aarch64.whl", hash = "sha256:69c6f9b3f2fb766ff87fa0c432c27c67b5b7de643ace33f4c4635ce1722d86ad", size = 1232259, upload-time = "2026-06-11T14:49:32.807Z" },
    { url = "https://files.pythonhosted.org/packages/ee/e0/4475f30fec4ae7d3c76d514f77ab630980ab95cbcfa82e743ddd5931ff5b/clickhouse_connect-1.3.0-cp313-cp313-musllinux_1_2_x86_64.whl", hash = "sha256:9022aefacb10ab9cb56944e24322736a3917a40527e1b3853c33b9497ea06a7f", size = 1272927, upload-time = "2026-06-11T14:49:34.541Z" },
    { url = "https://files.pythonhosted.org/packages/d5/ae/90fac00149ac0d09bb50a0acf2a2c2d7b3ba34298827a41ad99c641a4f1e/clickhouse_connect-1.3.0-cp313-cp313-win32.whl", hash = "sha256:900e4bd920b34a8ce3c21616dc55da869e4cfdae900e80fc00cfab2ae0f571e1", size = 309101, upload-time = "2026-06-11T14:49:35.865Z" },
    { url = "https://files.pythonhosted.org/packages/f2/ff/4aead8da2136d9391c886773f597bb3e7057738bcd0f5dbc373396e986c1/clickhouse_connect-1.3.0-cp313-cp313-win_amd64.whl", hash = "sha256:5a294365cda07869ea30ef00ea07b542e50cc77ca7f329ebf3e1bcdce5b0afb8", size = 327890, upload-time = "2026-06-11T14:49:37.325Z" },
    { url = "https://files.pythonhosted.org/packages/32/f9/642ab6d321c2808eb1f10f536d717294d54aa29effc50481db1c4a34ffd8/clickhouse_connect-1.3.0-cp313-cp313-win_arm64.whl", hash = "sha256:219230675f255626340674d8a393ac0abf68810c2269e9c73afb35673facea7e", size = 307340, upload-time = "2026-06-11T14:49:39.156Z" },
    { url = "https://files.pythonhosted.org/packages/30/cc/5d6d0b385f1ae33a67b702c04672ff2203ffc298bb1c845cc5884c9d4e3b/clickhouse_connect-1.3.0-cp314-cp314-macosx_10_15_x86_64.whl", hash = "sha256:2d1645af60860edb2f61b474daf5aa0af6b48724eb4d2c748edfa4027fdbe58a", size = 342602, upload-time = "2026-06-11T14:49:40.664Z" },
    { url = "https://files.pythonhosted.org/packages/30/ec/97fdf0c4a949c7de7da40ca2960a134f2d4303bef2a52b71012a21f0aa16/clickhouse_connect-1.3.0-cp314-cp314-macosx_11_0_arm64.whl", hash = "sha256:225de4ab00609e599f2529a8a5256da5f473ce9544a04ab9b18b8fdd5baf9005", size = 332000, upload-time = "2026-06-11T14:49:42.28Z" },
    { url = "https://files.pythonhosted.org/packages/7d/f5/c136e03a9513f8c6a8546d04064ea7c8f42e694260ebceaeba749058670a/clickhouse_connect-1.3.0-cp314-cp314-manylinux2014_aarch64.manylinux_2_17_aarch64.manylinux_2_28_aarch64.whl", hash = "sha256:c18c0773a85f26c7eaeb59e0fd0a142e464312fda1c54fc7feae6115eb1759d4", size = 1252990, upload-time = "2026-06-11T14:49:43.721Z" },
    { url = "https://files.pythonhosted.org/packages/76/69/601dff4fcb2a1b157dbf6fd608db884ae5fd408fab646a40f64e96a173b3/clickhouse_connect-1.3.0-cp314-cp314-manylinux2014_x86_64.manylinux_2_17_x86_64.manylinux_2_28_x86_64.whl", hash = "sha256:61f2f32403ac23354a572b160fa0a51ad5e76ba88aea37ebe5371b8863659339", size = 1266406, upload-time = "2026-06-11T14:49:45.359Z" },
    { url = "https://files.pythonhosted.org/packages/6f/ec/611b7782d1acf5b5f6368ea0062f8cbcf5913f76f5814d067bed1db0f6ea/clickhouse_connect-1.3.0-cp314-cp314-musllinux_1_2_aarch64.whl", hash = "sha256:e655403a35d016ac2100ca49fece73d1f293c6623809a04e530aa05c0369d69c", size = 1232665, upload-time = "2026-06-11T14:49:46.879Z" },
    { url = "https://files.pythonhosted.org/packages/73/16/801c28dc369b67a5362ae77a70dd90f40cf7589c9edd52f4e1ed633f9bfc/clickhouse_connect-1.3.0-cp314-cp314-musllinux_1_2_x86_64.whl", hash = "sha256:bf99dc475626d1fc1720c3cbc8bd6154d26f829cf272c3c2524e5b7ce132fca1", size = 1263038, upload-time = "2026-06-11T14:49:48.44Z" },
    { url = "https://files.pythonhosted.org/packages/68/6b/718106208297d7ba7b8c3708fa42ee9da9269ab6d3fe94b744b659bb2c5f/clickhouse_connect-1.3.0-cp314-cp314-win32.whl", hash = "sha256:3954d59ced274163e1243549994eeaa6ae7fb46c1635ebd661eefefd25ce7c3d", size = 312209, upload-time = "2026-06-11T14:49:50.019Z" },
    { url = "https://files.pythonhosted.org/packages/d6/b9/a4173e4f9eb44ee9b4094d42ac5fc3da0763ecc538174f9ff6511b812ca0/clickhouse_connect-1.3.0-cp314-cp314-win_amd64.whl", hash = "sha256:6447aaa3cda9a01580bffd821519199901124e979673a76f8c00d353293b2bd2", size = 331541, upload-time = "2026-06-11T14:49:51.567Z" },
    { url = "https://files.pythonhosted.org/packages/fe/d4/a2733ecbcba3e1497f8213ab4eb123a4b6c335400ce5dda42b1ff6c73719/clickhouse_connect-1.3.0-cp314-cp314-win_arm64.whl", hash = "sha256:059f0ef645734cd5425b6af3bdac87c57f93e9c0dd1c86ef01da68846e2dd949", size = 312207, upload-time = "2026-06-11T14:49:53.095Z" },
    { url = "https://files.pythonhosted.org/packages/cf/fd/6e4f73c18b8f9e8136f88528ff93f067d50b09c3517e4699625d3ad491a8/clickhouse_connect-1.3.0-cp314-cp314t-macosx_10_15_x86_64.whl", hash = "sha256:331d2aaadd1ef7fe238209da1d6bdbcb9244da6bb94f581beed8193d6b04ac2d", size = 360564, upload-time = "2026-06-11T14:49:54.557Z" },
    { url = "https://files.pythonhosted.org/packages/90/8a/be24013502d401f53485e738eb41e3374817b528dd8fc134ddc7748dbfc5/clickhouse_connect-1.3.0-cp314-cp314t-macosx_11_0_arm64.whl", hash = "sha256:ab4380888830b92878231415fabab0b1b90bb3982d599e8444f8f9aa22174249", size = 353025, upload-time = "2026-06-11T14:49:56.31Z" },
    { url = "https://files.pythonhosted.org/packages/e0/9e/f2a22a5f88bb7a8e0135d0b1e44f5b2526a94151f31471f0495167e066d5/clickhouse_connect-1.3.0-cp314-cp314t-manylinux2014_aarch64.manylinux_2_17_aarch64.manylinux_2_28_aarch64.whl", hash = "sha256:a63c5f646142679b9288cf9ab1cc6af028389c894a67efa372f9cf60f2d97264", size = 1339647, upload-time = "2026-06-11T14:49:58.18Z" },
    { url = "https://files.pythonhosted.org/packages/bf/a2/ef2de3755a233184af2a3057d49ce319a0c3eebb8bdb9eaea606ad8a1317/clickhouse_connect-1.3.0-cp314-cp314t-manylinux2014_x86_64.manylinux_2_17_x86_64.manylinux_2_28_x86_64.whl", hash = "sha256:7139165a4beccf7604c66849cd5da1cc2be97de76e39ca03fb93c34dc9a4c570", size = 1322984, upload-time = "2026-06-11T14:50:00.19Z" },
    { url = "https://files.pythonhosted.org/packages/77/eb/316dc1bd136070edd9ca75dcf1bd529bf854951bc5ced116903a19df2ba7/clickhouse_connect-1.3.0-cp314-cp314t-musllinux_1_2_aarch64.whl", hash = "sha256:73b089407354a0a2903561a5c86c2cb359705d38e9701dbef5fe13bbf69d94fd", size = 1297190, upload-time = "2026-06-11T14:50:01.994Z" },
    { url = "https://files.pythonhosted.org/packages/0c/a5/b0c98b795db1b5b403aeb2f03daab9539ce31536d8752c0d71f5997dfbbd/clickhouse_connect-1.3.0-cp314-cp314t-musllinux_1_2_x86_64.whl", hash = "sha256:a9bce3cd4af89d6a0271938f1fabfc10a8889e1a7c4dbc4a866d2a804c4ed506", size = 1313649, upload-time = "2026-06-11T14:50:03.679Z" },
    { url = "https://files.pythonhosted.org/packages/2b/46/ab707f11890d0f3d2a8ae270e196fbe05c797b6d9ae99a3635057e84c85c/clickhouse_connect-1.3.0-cp314-cp314t-win32.whl", hash = "sha256:6c26e0175dddc2e3eafb606781c0a10be4fee13831117375f645eb70db722319", size = 336750, upload-time = "2026-06-11T14:50:05.555Z" },
    { url = "https://files.pythonhosted.org/packages/1b/d6/bd82db4324b917aaa7cb868fb4e11c6bc44b3d647ead0489e06748dee93c/clickhouse_connect-1.3.0-cp314-cp314t-win_amd64.whl", hash = "sha256:016cdfe4c17d898044f618963d11cc9604e98b239e269b5e69dcabcf2625ace9", size = 363227, upload-time = "2026-06-11T14:50:07.049Z" },
    { url = "https://files.pythonhosted.org/packages/83/60/7d95de37486b00671454047967c850bac40a1f07ebe3f56f750e47437f18/clickhouse_connect-1.3.0-cp314-cp314t-win_arm64.whl", hash = "sha256:f9341e3072d353bb834300c2a27e88a6fcde7a6c259c27c99fb530b97fcbc788", size = 323303, upload-time = "2026-06-11T14:50:08.839Z" },
]

[[package]]
name = "colorama"
version = "0.4.6"
source = { registry = "https://pypi.org/simple" }
sdist = { url = "https://files.pythonhosted.org/packages/d8/53/6f443c9a4a8358a93a6792e2acffb9d9d5cb0a5cfd8802644b7b1c9a02e4/colorama-0.4.6.tar.gz", hash = "sha256:08695f5cb7ed6e0531a20572697297273c47b8cae5a63ffc6d6ed5c201be6e44", size = 27697, upload-time = "2022-10-25T02:36:22.414Z" }
wheels = [
    { url = "https://files.pythonhosted.org/packages/d1/d6/3965ed04c63042e047cb6a3e6ed1a63a35087b6a609aa3a15ed8ac56c221/colorama-0.4.6-py2.py3-none-any.whl", hash = "sha256:4f1d9991f5acc0ca119f9d443620b77f9d6b33703e51011c16baf57afb285fc6", size = 25335, upload-time = "2022-10-25T02:36:20.889Z" },
]

[[package]]
name = "h11"
version = "0.16.0"
source = { registry = "https://pypi.org/simple" }
sdist = { url = "https://files.pythonhosted.org/packages/01/ee/02a2c011bdab74c6fb3c75474d40b3052059d95df7e73351460c8588d963/h11-0.16.0.tar.gz", hash = "sha256:4e35b956cf45792e4caa5885e69fba00bdbc6ffafbfa020300e549b208ee5ff1", size = 101250, upload-time = "2025-04-24T03:35:25.427Z" }
wheels = [
    { url = "https://files.pythonhosted.org/packages/04/4b/29cac41a4d98d144bf5f6d33995617b185d14b22401f75ca86f384e87ff1/h11-0.16.0-py3-none-any.whl", hash = "sha256:63cf8bbe7522de3bf65932fda1d9c2772064ffb3dae62d55932da54b31cb6c86", size = 37515, upload-time = "2025-04-24T03:35:24.344Z" },
]

[[package]]
name = "httpcore"
version = "1.0.9"
source = { registry = "https://pypi.org/simple" }
dependencies = [
    { name = "certifi" },
    { name = "h11" },
]
sdist = { url = "https://files.pythonhosted.org/packages/06/94/82699a10bca87a5556c9c59b5963f2d039dbd239f25bc2a63907a05a14cb/httpcore-1.0.9.tar.gz", hash = "sha256:6e34463af53fd2ab5d807f399a9b45ea31c3dfa2276f15a2c3f00afff6e176e8", size = 85484, upload-time = "2025-04-24T22:06:22.219Z" }
wheels = [
    { url = "https://files.pythonhosted.org/packages/7e/f5/f66802a942d491edb555dd61e3a9961140fd64c90bce1eafd741609d334d/httpcore-1.0.9-py3-none-any.whl", hash = "sha256:2d400746a40668fc9dec9810239072b40b4484b640a8c38fd654a024c7a1bf55", size = 78784, upload-time = "2025-04-24T22:06:20.566Z" },
]

[[package]]
name = "httpx"
version = "0.28.1"
source = { registry = "https://pypi.org/simple" }
dependencies = [
    { name = "anyio" },
    { name = "certifi" },
    { name = "httpcore" },
    { name = "idna" },
]
sdist = { url = "https://files.pythonhosted.org/packages/b1/df/48c586a5fe32a0f01324ee087459e112ebb7224f646c0b5023f5e79e9956/httpx-0.28.1.tar.gz", hash = "sha256:75e98c5f16b0f35b567856f597f06ff2270a374470a5c2392242528e3e3e42fc", size = 141406, upload-time = "2024-12-06T15:37:23.222Z" }
wheels = [
    { url = "https://files.pythonhosted.org/packages/2a/39/e50c7c3a983047577ee07d2a9e53faf5a69493943ec3f6a384bdc792deb2/httpx-0.28.1-py3-none-any.whl", hash = "sha256:d909fcccc110f8c7faf814ca82a9a4d816bc5a6dbfea25d6591d6985b8ba59ad", size = 73517, upload-time = "2024-12-06T15:37:21.509Z" },
]

[[package]]
name = "hyperliquid-candles"
version = "0.1.0"
source = { editable = "." }
dependencies = [
    { name = "clickhouse-connect" },
    { name = "httpx" },
    { name = "pytest" },
    { name = "python-dotenv" },
    { name = "ruff" },
    { name = "tenacity" },
]

[package.metadata]
requires-dist = [
    { name = "clickhouse-connect", specifier = ">=1.3.0" },
    { name = "httpx", specifier = ">=0.28.1" },
    { name = "pytest", specifier = ">=9.1.1" },
    { name = "python-dotenv", specifier = ">=1.2.2" },
    { name = "ruff", specifier = ">=0.15.18" },
    { name = "tenacity", specifier = ">=9.1.4" },
]

[[package]]
name = "idna"
version = "3.18"
source = { registry = "https://pypi.org/simple" }
sdist = { url = "https://files.pythonhosted.org/packages/cd/63/9496c57188a2ee585e0f1db071d75089a11e98aa86eb99d9d7618fc1edce/idna-3.18.tar.gz", hash = "sha256:ffb385a7e039654cef1ab9ef32c6fafe283c0c0467bba1d9029738ce4a14a848", size = 196711, upload-time = "2026-06-02T14:34:07.794Z" }
wheels = [
    { url = "https://files.pythonhosted.org/packages/1e/5e/d4e9f1a599fb8e573b7b87160658329fbf28d19eac2718f51fc3def3aa5a/idna-3.18-py3-none-any.whl", hash = "sha256:7f952cbe720b688055e3f87de14f5c3e5fdaa8bc3928985c4077ca689de849a2", size = 65455, upload-time = "2026-06-02T14:34:06.319Z" },
]

[[package]]
name = "iniconfig"
version = "2.3.0"
source = { registry = "https://pypi.org/simple" }
sdist = { url = "https://files.pythonhosted.org/packages/72/34/14ca021ce8e5dfedc35312d08ba8bf51fdd999c576889fc2c24cb97f4f10/iniconfig-2.3.0.tar.gz", hash = "sha256:c76315c77db068650d49c5b56314774a7804df16fee4402c1f19d6d15d8c4730", size = 20503, upload-time = "2025-10-18T21:55:43.219Z" }
wheels = [
    { url = "https://files.pythonhosted.org/packages/cb/b1/3846dd7f199d53cb17f49cba7e651e9ce294d8497c8c150530ed11865bb8/iniconfig-2.3.0-py3-none-any.whl", hash = "sha256:f631c04d2c48c52b84d0d0549c99ff3859c98df65b3101406327ecc7d53fbf12", size = 7484, upload-time = "2025-10-18T21:55:41.639Z" },
]

[[package]]
name = "lz4"
version = "4.4.5"
source = { registry = "https://pypi.org/simple" }
sdist = { url = "https://files.pythonhosted.org/packages/57/51/f1b86d93029f418033dddf9b9f79c8d2641e7454080478ee2aab5123173e/lz4-4.4.5.tar.gz", hash = "sha256:5f0b9e53c1e82e88c10d7c180069363980136b9d7a8306c4dca4f760d60c39f0", size = 172886, upload-time = "2025-11-03T13:02:36.061Z" }
wheels = [
    { url = "https://files.pythonhosted.org/packages/2f/46/08fd8ef19b782f301d56a9ccfd7dafec5fd4fc1a9f017cf22a1accb585d7/lz4-4.4.5-cp313-cp313-macosx_10_13_x86_64.whl", hash = "sha256:6bb05416444fafea170b07181bc70640975ecc2a8c92b3b658c554119519716c", size = 207171, upload-time = "2025-11-03T13:01:56.595Z" },
    { url = "https://files.pythonhosted.org/packages/8f/3f/ea3334e59de30871d773963997ecdba96c4584c5f8007fd83cfc8f1ee935/lz4-4.4.5-cp313-cp313-macosx_11_0_arm64.whl", hash = "sha256:b424df1076e40d4e884cfcc4c77d815368b7fb9ebcd7e634f937725cd9a8a72a", size = 207163, upload-time = "2025-11-03T13:01:57.721Z" },
    { url = "https://files.pythonhosted.org/packages/41/7b/7b3a2a0feb998969f4793c650bb16eff5b06e80d1f7bff867feb332f2af2/lz4-4.4.5-cp313-cp313-manylinux1_i686.manylinux_2_28_i686.manylinux_2_5_i686.whl", hash = "sha256:216ca0c6c90719731c64f41cfbd6f27a736d7e50a10b70fad2a9c9b262ec923d", size = 1292136, upload-time = "2025-11-03T13:02:00.375Z" },
    { url = "https://files.pythonhosted.org/packages/89/d1/f1d259352227bb1c185288dd694121ea303e43404aa77560b879c90e7073/lz4-4.4.5-cp313-cp313-manylinux2014_aarch64.manylinux_2_17_aarch64.manylinux_2_28_aarch64.whl", hash = "sha256:533298d208b58b651662dd972f52d807d48915176e5b032fb4f8c3b6f5fe535c", size = 1279639, upload-time = "2025-11-03T13:02:01.649Z" },
    { url = "https://files.pythonhosted.org/packages/d2/fb/ba9256c48266a09012ed1d9b0253b9aa4fe9cdff094f8febf5b26a4aa2a2/lz4-4.4.5-cp313-cp313-manylinux2014_x86_64.manylinux_2_17_x86_64.manylinux_2_28_x86_64.whl", hash = "sha256:451039b609b9a88a934800b5fc6ee401c89ad9c175abf2f4d9f8b2e4ef1afc64", size = 1368257, upload-time = "2025-11-03T13:02:03.35Z" },
    { url = "https://files.pythonhosted.org/packages/a5/6d/dee32a9430c8b0e01bbb4537573cabd00555827f1a0a42d4e24ca803935c/lz4-4.4.5-cp313-cp313-win32.whl", hash = "sha256:a5f197ffa6fc0e93207b0af71b302e0a2f6f29982e5de0fbda61606dd3a55832", size = 88191, upload-time = "2025-11-03T13:02:04.406Z" },
    { url = "https://files.pythonhosted.org/packages/18/e0/f06028aea741bbecb2a7e9648f4643235279a770c7ffaf70bd4860c73661/lz4-4.4.5-cp313-cp313-win_amd64.whl", hash = "sha256:da68497f78953017deb20edff0dba95641cc86e7423dfadf7c0264e1ac60dc22", size = 99502, upload-time = "2025-11-03T13:02:05.886Z" },
    { url = "https://files.pythonhosted.org/packages/61/72/5bef44afb303e56078676b9f2486f13173a3c1e7f17eaac1793538174817/lz4-4.4.5-cp313-cp313-win_arm64.whl", hash = "sha256:c1cfa663468a189dab510ab231aad030970593f997746d7a324d40104db0d0a9", size = 91285, upload-time = "2025-11-03T13:02:06.77Z" },
    { url = "https://files.pythonhosted.org/packages/49/55/6a5c2952971af73f15ed4ebfdd69774b454bd0dc905b289082ca8664fba1/lz4-4.4.5-cp313-cp313t-macosx_10_13_x86_64.whl", hash = "sha256:67531da3b62f49c939e09d56492baf397175ff39926d0bd5bd2d191ac2bff95f", size = 207348, upload-time = "2025-11-03T13:02:08.117Z" },
    { url = "https://files.pythonhosted.org/packages/4e/d7/fd62cbdbdccc35341e83aabdb3f6d5c19be2687d0a4eaf6457ddf53bba64/lz4-4.4.5-cp313-cp313t-macosx_11_0_arm64.whl", hash = "sha256:a1acbbba9edbcbb982bc2cac5e7108f0f553aebac1040fbec67a011a45afa1ba", size = 207340, upload-time = "2025-11-03T13:02:09.152Z" },
    { url = "https://files.pythonhosted.org/packages/77/69/225ffadaacb4b0e0eb5fd263541edd938f16cd21fe1eae3cd6d5b6a259dc/lz4-4.4.5-cp313-cp313t-manylinux1_i686.manylinux_2_28_i686.manylinux_2_5_i686.whl", hash = "sha256:a482eecc0b7829c89b498fda883dbd50e98153a116de612ee7c111c8bcf82d1d", size = 1293398, upload-time = "2025-11-03T13:02:10.272Z" },
    { url = "https://files.pythonhosted.org/packages/c6/9e/2ce59ba4a21ea5dc43460cba6f34584e187328019abc0e66698f2b66c881/lz4-4.4.5-cp313-cp313t-manylinux2014_aarch64.manylinux_2_17_aarch64.manylinux_2_28_aarch64.whl", hash = "sha256:e099ddfaa88f59dd8d36c8a3c66bd982b4984edf127eb18e30bb49bdba68ce67", size = 1281209, upload-time = "2025-11-03T13:02:12.091Z" },
    { url = "https://files.pythonhosted.org/packages/80/4f/4d946bd1624ec229b386a3bc8e7a85fa9a963d67d0a62043f0af0978d3da/lz4-4.4.5-cp313-cp313t-manylinux2014_x86_64.manylinux_2_17_x86_64.manylinux_2_28_x86_64.whl", hash = "sha256:a2af2897333b421360fdcce895c6f6281dc3fab018d19d341cf64d043fc8d90d", size = 1369406, upload-time = "2025-11-03T13:02:13.683Z" },
    { url = "https://files.pythonhosted.org/packages/02/a2/d429ba4720a9064722698b4b754fb93e42e625f1318b8fe834086c7c783b/lz4-4.4.5-cp313-cp313t-win32.whl", hash = "sha256:66c5de72bf4988e1b284ebdd6524c4bead2c507a2d7f172201572bac6f593901", size = 88325, upload-time = "2025-11-03T13:02:14.743Z" },
    { url = "https://files.pythonhosted.org/packages/4b/85/7ba10c9b97c06af6c8f7032ec942ff127558863df52d866019ce9d2425cf/lz4-4.4.5-cp313-cp313t-win_amd64.whl", hash = "sha256:cdd4bdcbaf35056086d910d219106f6a04e1ab0daa40ec0eeef1626c27d0fddb", size = 99643, upload-time = "2025-11-03T13:02:15.978Z" },
    { url = "https://files.pythonhosted.org/packages/77/4d/a175459fb29f909e13e57c8f475181ad8085d8d7869bd8ad99033e3ee5fa/lz4-4.4.5-cp313-cp313t-win_arm64.whl", hash = "sha256:28ccaeb7c5222454cd5f60fcd152564205bcb801bd80e125949d2dfbadc76bbd", size = 91504, upload-time = "2025-11-03T13:02:17.313Z" },
    { url = "https://files.pythonhosted.org/packages/63/9c/70bdbdb9f54053a308b200b4678afd13efd0eafb6ddcbb7f00077213c2e5/lz4-4.4.5-cp314-cp314-macosx_10_15_x86_64.whl", hash = "sha256:c216b6d5275fc060c6280936bb3bb0e0be6126afb08abccde27eed23dead135f", size = 207586, upload-time = "2025-11-03T13:02:18.263Z" },
    { url = "https://files.pythonhosted.org/packages/b6/cb/bfead8f437741ce51e14b3c7d404e3a1f6b409c440bad9b8f3945d4c40a7/lz4-4.4.5-cp314-cp314-macosx_11_0_arm64.whl", hash = "sha256:c8e71b14938082ebaf78144f3b3917ac715f72d14c076f384a4c062df96f9df6", size = 207161, upload-time = "2025-11-03T13:02:19.286Z" },
    { url = "https://files.pythonhosted.org/packages/e7/18/b192b2ce465dfbeabc4fc957ece7a1d34aded0d95a588862f1c8a86ac448/lz4-4.4.5-cp314-cp314-manylinux1_i686.manylinux_2_28_i686.manylinux_2_5_i686.whl", hash = "sha256:9b5e6abca8df9f9bdc5c3085f33ff32cdc86ed04c65e0355506d46a5ac19b6e9", size = 1292415, upload-time = "2025-11-03T13:02:20.829Z" },
    { url = "https://files.pythonhosted.org/packages/67/79/a4e91872ab60f5e89bfad3e996ea7dc74a30f27253faf95865771225ccba/lz4-4.4.5-cp314-cp314-manylinux2014_aarch64.manylinux_2_17_aarch64.manylinux_2_28_aarch64.whl", hash = "sha256:3b84a42da86e8ad8537aabef062e7f661f4a877d1c74d65606c49d835d36d668", size = 1279920, upload-time = "2025-11-03T13:02:22.013Z" },
    { url = "https://files.pythonhosted.org/packages/f1/01/d52c7b11eaa286d49dae619c0eec4aabc0bf3cda7a7467eb77c62c4471f3/lz4-4.4.5-cp314-cp314-manylinux2014_x86_64.manylinux_2_17_x86_64.manylinux_2_28_x86_64.whl", hash = "sha256:0bba042ec5a61fa77c7e380351a61cb768277801240249841defd2ff0a10742f", size = 1368661, upload-time = "2025-11-03T13:02:23.208Z" },
    { url = "https://files.pythonhosted.org/packages/f7/da/137ddeea14c2cb86864838277b2607d09f8253f152156a07f84e11768a28/lz4-4.4.5-cp314-cp314-win32.whl", hash = "sha256:bd85d118316b53ed73956435bee1997bd06cc66dd2fa74073e3b1322bd520a67", size = 90139, upload-time = "2025-11-03T13:02:24.301Z" },
    { url = "https://files.pythonhosted.org/packages/18/2c/8332080fd293f8337779a440b3a143f85e374311705d243439a3349b81ad/lz4-4.4.5-cp314-cp314-win_amd64.whl", hash = "sha256:92159782a4502858a21e0079d77cdcaade23e8a5d252ddf46b0652604300d7be", size = 101497, upload-time = "2025-11-03T13:02:25.187Z" },
    { url = "https://files.pythonhosted.org/packages/ca/28/2635a8141c9a4f4bc23f5135a92bbcf48d928d8ca094088c962df1879d64/lz4-4.4.5-cp314-cp314-win_arm64.whl", hash = "sha256:d994b87abaa7a88ceb7a37c90f547b8284ff9da694e6afcfaa8568d739faf3f7", size = 93812, upload-time = "2025-11-03T13:02:26.133Z" },
]

[[package]]
name = "packaging"
version = "26.2"
source = { registry = "https://pypi.org/simple" }
sdist = { url = "https://files.pythonhosted.org/packages/d7/f1/e7a6dd94a8d4a5626c03e4e99c87f241ba9e350cd9e6d75123f992427270/packaging-26.2.tar.gz", hash = "sha256:ff452ff5a3e828ce110190feff1178bb1f2ea2281fa2075aadb987c2fb221661", size = 228134, upload-time = "2026-04-24T20:15:23.917Z" }
wheels = [
    { url = "https://files.pythonhosted.org/packages/df/b2/87e62e8c3e2f4b32e5fe99e0b86d576da1312593b39f47d8ceef365e95ed/packaging-26.2-py3-none-any.whl", hash = "sha256:5fc45236b9446107ff2415ce77c807cee2862cb6fac22b8a73826d0693b0980e", size = 100195, upload-time = "2026-04-24T20:15:22.081Z" },
]

[[package]]
name = "pluggy"
version = "1.6.0"
source = { registry = "https://pypi.org/simple" }
sdist = { url = "https://files.pythonhosted.org/packages/f9/e2/3e91f31a7d2b083fe6ef3fa267035b518369d9511ffab804f839851d2779/pluggy-1.6.0.tar.gz", hash = "sha256:7dcc130b76258d33b90f61b658791dede3486c3e6bfb003ee5c9bfb396dd22f3", size = 69412, upload-time = "2025-05-15T12:30:07.975Z" }
wheels = [
    { url = "https://files.pythonhosted.org/packages/54/20/4d324d65cc6d9205fabedc306948156824eb9f0ee1633355a8f7ec5c66bf/pluggy-1.6.0-py3-none-any.whl", hash = "sha256:e920276dd6813095e9377c0bc5566d94c932c33b27a3e3945d8389c374dd4746", size = 20538, upload-time = "2025-05-15T12:30:06.134Z" },
]

[[package]]
name = "pygments"
version = "2.20.0"
source = { registry = "https://pypi.org/simple" }
sdist = { url = "https://files.pythonhosted.org/packages/c3/b2/bc9c9196916376152d655522fdcebac55e66de6603a76a02bca1b6414f6c/pygments-2.20.0.tar.gz", hash = "sha256:6757cd03768053ff99f3039c1a36d6c0aa0b263438fcab17520b30a303a82b5f", size = 4955991, upload-time = "2026-03-29T13:29:33.898Z" }
wheels = [
    { url = "https://files.pythonhosted.org/packages/f4/7e/a72dd26f3b0f4f2bf1dd8923c85f7ceb43172af56d63c7383eb62b332364/pygments-2.20.0-py3-none-any.whl", hash = "sha256:81a9e26dd42fd28a23a2d169d86d7ac03b46e2f8b59ed4698fb4785f946d0176", size = 1231151, upload-time = "2026-03-29T13:29:30.038Z" },
]

[[package]]
name = "pytest"
version = "9.1.1"
source = { registry = "https://pypi.org/simple" }
dependencies = [
    { name = "colorama", marker = "sys_platform == 'win32'" },
    { name = "iniconfig" },
    { name = "packaging" },
    { name = "pluggy" },
    { name = "pygments" },
]
sdist = { url = "https://files.pythonhosted.org/packages/e4/47/b9efed96c114afcfa3c9d3fe98a76a1d14c74a9e266d397cf6eb64be5e01/pytest-9.1.1.tar.gz", hash = "sha256:1088fbde8f2b49d95a549a195707afa7a76a3ce9bcadc26b6d71f0ffda5fe313", size = 1636369, upload-time = "2026-06-19T10:58:32.857Z" }
wheels = [
    { url = "https://files.pythonhosted.org/packages/24/25/1de2678b631f5a49215c6c96fff41ba892b0a34df68d6d80292b1b48aa7f/pytest-9.1.1-py3-none-any.whl", hash = "sha256:37a86b45efb9a47a61a36449063e8e18d0cab3161329fc099eb21783169c4f0c", size = 386536, upload-time = "2026-06-19T10:58:31.347Z" },
]

[[package]]
name = "python-dotenv"
version = "1.2.2"
source = { registry = "https://pypi.org/simple" }
sdist = { url = "https://files.pythonhosted.org/packages/82/ed/0301aeeac3e5353ef3d94b6ec08bbcabd04a72018415dcb29e588514bba8/python_dotenv-1.2.2.tar.gz", hash = "sha256:2c371a91fbd7ba082c2c1dc1f8bf89ca22564a087c2c287cd9b662adde799cf3", size = 50135, upload-time = "2026-03-01T16:00:26.196Z" }
wheels = [
    { url = "https://files.pythonhosted.org/packages/0b/d7/1959b9648791274998a9c3526f6d0ec8fd2233e4d4acce81bbae76b44b2a/python_dotenv-1.2.2-py3-none-any.whl", hash = "sha256:1d8214789a24de455a8b8bd8ae6fe3c6b69a5e3d64aa8a8e5d68e694bbcb285a", size = 22101, upload-time = "2026-03-01T16:00:25.09Z" },
]

[[package]]
name = "ruff"
version = "0.15.18"
source = { registry = "https://pypi.org/simple" }
sdist = { url = "https://files.pythonhosted.org/packages/74/98/1295ad5a5aa9bc85bdcdfa5d82fe7b49c61af5657df4f227637ff9de0da6/ruff-0.15.18.tar.gz", hash = "sha256:2698a964c70e8bf402dcb99c8810472d270d141e7aa8c4e13599fd52033a2f33", size = 4761437, upload-time = "2026-06-18T18:25:39.224Z" }
wheels = [
    { url = "https://files.pythonhosted.org/packages/b9/d0/686e984941269621e2be72612d5c1e461f8f7b38415a2a7d7a81c8ae6715/ruff-0.15.18-py3-none-linux_armv6l.whl", hash = "sha256:8b6850172348c8381b8b3084c5915a4393c2373b9b54cd5b5e1ea15812bc10df", size = 10887308, upload-time = "2026-06-18T18:25:03.062Z" },
    { url = "https://files.pythonhosted.org/packages/ed/21/bc4123e3f5515ee99f8ce1eb93a14a0628fe4d1678663cd08f933ac16931/ruff-0.15.18-py3-none-macosx_10_12_x86_64.whl", hash = "sha256:3fccc153a85417dcd976883160cacce486997b0a0058dd18f54b8aaaac7d1ce2", size = 11281305, upload-time = "2026-06-18T18:25:30.026Z" },
    { url = "https://files.pythonhosted.org/packages/51/93/4769464c25cf7ab2acb3c7dda9cad3d867eb41c59565b3e2a9d17249c90c/ruff-0.15.18-py3-none-macosx_11_0_arm64.whl", hash = "sha256:08d4c86a68f2c3ec2c9d56380a71fb4a4f65373055cbb8caabd645e9102f38d4", size = 10641215, upload-time = "2026-06-18T18:25:15.802Z" },
    { url = "https://files.pythonhosted.org/packages/6c/42/56926d17120db2c208d76bf60a1a019644dd9e91dc27f0f95c9caddb1366/ruff-0.15.18-py3-none-manylinux_2_17_aarch64.manylinux2014_aarch64.whl", hash = "sha256:37e5108745c2c0705da916d7d4de533ddf547051ef45f62888c31bae73f66318", size = 10957224, upload-time = "2026-06-18T18:25:36.955Z" },
    { url = "https://files.pythonhosted.org/packages/22/4f/d43fab8d8189afde803103022d000a8ef9f230616d436d52a8b2b8d63b50/ruff-0.15.18-py3-none-manylinux_2_17_armv7l.manylinux2014_armv7l.whl", hash = "sha256:56949a6ce8b3abde54c0bcb22cebfe57e8771cadc84b407ae8b8eaf67ebdcd43", size = 10699024, upload-time = "2026-06-18T18:25:05.707Z" },
    { url = "https://files.pythonhosted.org/packages/63/42/1e3e4c68bd408b9768cf3e439acbe2c78245225faef253f7028a0cdb63e0/ruff-0.15.18-py3-none-manylinux_2_17_i686.manylinux2014_i686.whl", hash = "sha256:01a754cd6a1b630d3f97e33eb452cf7a98040482318e870f8bc52a5a30e62657", size = 11491458, upload-time = "2026-06-18T18:25:20.275Z" },
    { url = "https://files.pythonhosted.org/packages/20/77/47a3484bea8521e14a203d98c389c5c97846675e4f02734672da4a69b52a/ruff-0.15.18-py3-none-manylinux_2_17_ppc64le.manylinux2014_ppc64le.whl", hash = "sha256:6ba7a07e03a44dbf10bb086ee06705b173625014ec99f73a7e6836a5e5590a0c", size = 12383752, upload-time = "2026-06-18T18:25:22.535Z" },
    { url = "https://files.pythonhosted.org/packages/0a/ca/054159590787023d83b658a1a1819c4c8910114e7015069340b71c0961cb/ruff-0.15.18-py3-none-manylinux_2_17_s390x.manylinux2014_s390x.whl", hash = "sha256:5a2c40a41a4cadbcf5897b548ab29dfe248b20c540961c0247d98a3973c70403", size = 11577923, upload-time = "2026-06-18T18:25:10.702Z" },
    { url = "https://files.pythonhosted.org/packages/6d/ff/d353d6b7bbd73cc0ec37f4463d7540e45e894338abdd9964eee0de332708/ruff-0.15.18-py3-none-manylinux_2_17_x86_64.manylinux2014_x86_64.whl", hash = "sha256:5f0480ce690cbb6c4db6e5d08f19fce98e10ba131a8b60c1bcdac42771e3ae2d", size = 11583925, upload-time = "2026-06-18T18:25:32.391Z" },
    { url = "https://files.pythonhosted.org/packages/c1/4a/891f89b9c296ed3e5f3ece1a5629badc989d9a8fdaa30431aaf4774bc1c2/ruff-0.15.18-py3-none-manylinux_2_31_riscv64.whl", hash = "sha256:2330215f1f393fa8733f55edce04fcf94c36a2c460fcde31f78cc84e4951e9b1", size = 11582834, upload-time = "2026-06-18T18:25:27.309Z" },
    { url = "https://files.pythonhosted.org/packages/32/a3/ed9e370154bf85de360b93c03026157f02d4943b2d01ff4945f4429f8e8a/ruff-0.15.18-py3-none-musllinux_1_2_aarch64.whl", hash = "sha256:a6aa6a3d979e48ae617578183674bf264fbe7d0114a796a26bd678d67963c7ff", size = 10927328, upload-time = "2026-06-18T18:25:34.676Z" },
    { url = "https://files.pythonhosted.org/packages/f5/d1/5cf5909329fedb5d39d555ee818ba5cf4638e1a301b89785d34f2905bfcb/ruff-0.15.18-py3-none-musllinux_1_2_armv7l.whl", hash = "sha256:a81beadbbff2c9c245561ae3f77b16709d87f35eec650d0501679239d3449b22", size = 10693187, upload-time = "2026-06-18T18:25:08.245Z" },
    { url = "https://files.pythonhosted.org/packages/fd/44/ff6c635cf2c4f4e7b618b6640da057376baa36014695487d88aed4794268/ruff-0.15.18-py3-none-musllinux_1_2_i686.whl", hash = "sha256:2186d9e940ae332ab293623a75b5f4fe49565f449954d50a72a046683aa6b809", size = 11208721, upload-time = "2026-06-18T18:25:41.327Z" },
    { url = "https://files.pythonhosted.org/packages/88/d9/5baa2a30861adfb7022cf33c1e35b2fc18085b08c16f83eff4c7b99a5f48/ruff-0.15.18-py3-none-musllinux_1_2_x86_64.whl", hash = "sha256:5c2abf140438032bc77b2284a6c9944ecd8a19e5f1c7b52b1b8e4a0a80d19a7a", size = 11678599, upload-time = "2026-06-18T18:25:13.607Z" },
    { url = "https://files.pythonhosted.org/packages/c3/1a/0725a7cfdc32ff769efb96ee782bec882e16448c5d9e3be947ec4c04ce27/ruff-0.15.18-py3-none-win32.whl", hash = "sha256:02299e6e9fa5b297a3f6d5d10d7bcd655c925b028bb8b9d4588214549c6b9ec4", size = 10901903, upload-time = "2026-06-18T18:25:24.755Z" },
    { url = "https://files.pythonhosted.org/packages/f3/51/805d9f6fb7970505c3504794a5ec350f605361b807fef4dcf214ebd35e72/ruff-0.15.18-py3-none-win_amd64.whl", hash = "sha256:dac80dc8d26b2257dbefabed62f5d255c3937b4ccb122da1fc634794fa3578b3", size = 12041189, upload-time = "2026-06-18T18:25:17.915Z" },
    { url = "https://files.pythonhosted.org/packages/29/4c/67bb45e41609eb4726f1bfeb59e083cf91d14c696d4bd14c234a980be93d/ruff-0.15.18-py3-none-win_arm64.whl", hash = "sha256:b2c9257fcbd4a3e5b977a1904e6facca016bafe2edc17df24db67cfaee03b4e4", size = 11329958, upload-time = "2026-06-18T18:25:43.686Z" },
]

[[package]]
name = "tenacity"
version = "9.1.4"
source = { registry = "https://pypi.org/simple" }
sdist = { url = "https://files.pythonhosted.org/packages/47/c6/ee486fd809e357697ee8a44d3d69222b344920433d3b6666ccd9b374630c/tenacity-9.1.4.tar.gz", hash = "sha256:adb31d4c263f2bd041081ab33b498309a57c77f9acf2db65aadf0898179cf93a", size = 49413, upload-time = "2026-02-07T10:45:33.841Z" }
wheels = [
    { url = "https://files.pythonhosted.org/packages/d7/c1/eb8f9debc45d3b7918a32ab756658a0904732f75e555402972246b0b8e71/tenacity-9.1.4-py3-none-any.whl", hash = "sha256:6095a360c919085f28c6527de529e76a06ad89b23659fa881ae0649b867a9d55", size = 28926, upload-time = "2026-02-07T10:45:32.24Z" },
]

[[package]]
name = "tzdata"
version = "2026.2"
source = { registry = "https://pypi.org/simple" }
sdist = { url = "https://files.pythonhosted.org/packages/ba/19/1b9b0e29f30c6d35cb345486df41110984ea67ae69dddbc0e8a100999493/tzdata-2026.2.tar.gz", hash = "sha256:9173fde7d80d9018e02a662e168e5a2d04f87c41ea174b139fbef642eda62d10", size = 198254, upload-time = "2026-04-24T15:22:08.651Z" }
wheels = [
    { url = "https://files.pythonhosted.org/packages/ce/e4/dccd7f47c4b64213ac01ef921a1337ee6e30e8c6466046018326977efd95/tzdata-2026.2-py2.py3-none-any.whl", hash = "sha256:bbe9af844f658da81a5f95019480da3a89415801f6cc966806612cc7169bffe7", size = 349321, upload-time = "2026-04-24T15:22:05.876Z" },
]

[[package]]
name = "urllib3"
version = "2.7.0"
source = { registry = "https://pypi.org/simple" }
sdist = { url = "https://files.pythonhosted.org/packages/53/0c/06f8b233b8fd13b9e5ee11424ef85419ba0d8ba0b3138bf360be2ff56953/urllib3-2.7.0.tar.gz", hash = "sha256:231e0ec3b63ceb14667c67be60f2f2c40a518cb38b03af60abc813da26505f4c", size = 433602, upload-time = "2026-05-07T16:13:18.596Z" }
wheels = [
    { url = "https://files.pythonhosted.org/packages/7f/3e/5db95bcf282c52709639744ca2a8b149baccf648e39c8cc87553df9eae0c/urllib3-2.7.0-py3-none-any.whl", hash = "sha256:9fb4c81ebbb1ce9531cce37674bbc6f1360472bc18ca9a553ede278ef7276897", size = 131087, upload-time = "2026-05-07T16:13:17.151Z" },
]

[[package]]
name = "zstandard"
version = "0.25.0"
source = { registry = "https://pypi.org/simple" }
sdist = { url = "https://files.pythonhosted.org/packages/fd/aa/3e0508d5a5dd96529cdc5a97011299056e14c6505b678fd58938792794b1/zstandard-0.25.0.tar.gz", hash = "sha256:7713e1179d162cf5c7906da876ec2ccb9c3a9dcbdffef0cc7f70c3667a205f0b", size = 711513, upload-time = "2025-09-14T22:15:54.002Z" }
wheels = [
    { url = "https://files.pythonhosted.org/packages/35/0b/8df9c4ad06af91d39e94fa96cc010a24ac4ef1378d3efab9223cc8593d40/zstandard-0.25.0-cp313-cp313-macosx_10_13_x86_64.whl", hash = "sha256:ec996f12524f88e151c339688c3897194821d7f03081ab35d31d1e12ec975e94", size = 795735, upload-time = "2025-09-14T22:17:26.042Z" },
    { url = "https://files.pythonhosted.org/packages/3f/06/9ae96a3e5dcfd119377ba33d4c42a7d89da1efabd5cb3e366b156c45ff4d/zstandard-0.25.0-cp313-cp313-macosx_11_0_arm64.whl", hash = "sha256:a1a4ae2dec3993a32247995bdfe367fc3266da832d82f8438c8570f989753de1", size = 640440, upload-time = "2025-09-14T22:17:27.366Z" },
    { url = "https://files.pythonhosted.org/packages/d9/14/933d27204c2bd404229c69f445862454dcc101cd69ef8c6068f15aaec12c/zstandard-0.25.0-cp313-cp313-manylinux2010_i686.manylinux2014_i686.manylinux_2_12_i686.manylinux_2_17_i686.whl", hash = "sha256:e96594a5537722fdfb79951672a2a63aec5ebfb823e7560586f7484819f2a08f", size = 5343070, upload-time = "2025-09-14T22:17:28.896Z" },
    { url = "https://files.pythonhosted.org/packages/6d/db/ddb11011826ed7db9d0e485d13df79b58586bfdec56e5c84a928a9a78c1c/zstandard-0.25.0-cp313-cp313-manylinux2014_aarch64.manylinux_2_17_aarch64.whl", hash = "sha256:bfc4e20784722098822e3eee42b8e576b379ed72cca4a7cb856ae733e62192ea", size = 5063001, upload-time = "2025-09-14T22:17:31.044Z" },
    { url = "https://files.pythonhosted.org/packages/db/00/87466ea3f99599d02a5238498b87bf84a6348290c19571051839ca943777/zstandard-0.25.0-cp313-cp313-manylinux2014_ppc64le.manylinux_2_17_ppc64le.whl", hash = "sha256:457ed498fc58cdc12fc48f7950e02740d4f7ae9493dd4ab2168a47c93c31298e", size = 5394120, upload-time = "2025-09-14T22:17:32.711Z" },
    { url = "https://files.pythonhosted.org/packages/2b/95/fc5531d9c618a679a20ff6c29e2b3ef1d1f4ad66c5e161ae6ff847d102a9/zstandard-0.25.0-cp313-cp313-manylinux2014_s390x.manylinux_2_17_s390x.whl", hash = "sha256:fd7a5004eb1980d3cefe26b2685bcb0b17989901a70a1040d1ac86f1d898c551", size = 5451230, upload-time = "2025-09-14T22:17:34.41Z" },
    { url = "https://files.pythonhosted.org/packages/63/4b/e3678b4e776db00f9f7b2fe58e547e8928ef32727d7a1ff01dea010f3f13/zstandard-0.25.0-cp313-cp313-manylinux2014_x86_64.manylinux_2_17_x86_64.whl", hash = "sha256:8e735494da3db08694d26480f1493ad2cf86e99bdd53e8e9771b2752a5c0246a", size = 5547173, upload-time = "2025-09-14T22:17:36.084Z" },
    { url = "https://files.pythonhosted.org/packages/4e/d5/ba05ed95c6b8ec30bd468dfeab20589f2cf709b5c940483e31d991f2ca58/zstandard-0.25.0-cp313-cp313-musllinux_1_1_aarch64.whl", hash = "sha256:3a39c94ad7866160a4a46d772e43311a743c316942037671beb264e395bdd611", size = 5046736, upload-time = "2025-09-14T22:17:37.891Z" },
    { url = "https://files.pythonhosted.org/packages/50/d5/870aa06b3a76c73eced65c044b92286a3c4e00554005ff51962deef28e28/zstandard-0.25.0-cp313-cp313-musllinux_1_1_x86_64.whl", hash = "sha256:172de1f06947577d3a3005416977cce6168f2261284c02080e7ad0185faeced3", size = 5576368, upload-time = "2025-09-14T22:17:40.206Z" },
    { url = "https://files.pythonhosted.org/packages/5d/35/398dc2ffc89d304d59bc12f0fdd931b4ce455bddf7038a0a67733a25f550/zstandard-0.25.0-cp313-cp313-musllinux_1_2_aarch64.whl", hash = "sha256:3c83b0188c852a47cd13ef3bf9209fb0a77fa5374958b8c53aaa699398c6bd7b", size = 4954022, upload-time = "2025-09-14T22:17:41.879Z" },
    { url = "https://files.pythonhosted.org/packages/9a/5c/36ba1e5507d56d2213202ec2b05e8541734af5f2ce378c5d1ceaf4d88dc4/zstandard-0.25.0-cp313-cp313-musllinux_1_2_i686.whl", hash = "sha256:1673b7199bbe763365b81a4f3252b8e80f44c9e323fc42940dc8843bfeaf9851", size = 5267889, upload-time = "2025-09-14T22:17:43.577Z" },
    { url = "https://files.pythonhosted.org/packages/70/e8/2ec6b6fb7358b2ec0113ae202647ca7c0e9d15b61c005ae5225ad0995df5/zstandard-0.25.0-cp313-cp313-musllinux_1_2_ppc64le.whl", hash = "sha256:0be7622c37c183406f3dbf0cba104118eb16a4ea7359eeb5752f0794882fc250", size = 5433952, upload-time = "2025-09-14T22:17:45.271Z" },
    { url = "https://files.pythonhosted.org/packages/7b/01/b5f4d4dbc59ef193e870495c6f1275f5b2928e01ff5a81fecb22a06e22fb/zstandard-0.25.0-cp313-cp313-musllinux_1_2_s390x.whl", hash = "sha256:5f5e4c2a23ca271c218ac025bd7d635597048b366d6f31f420aaeb715239fc98", size = 5814054, upload-time = "2025-09-14T22:17:47.08Z" },
    { url = "https://files.pythonhosted.org/packages/b2/e5/fbd822d5c6f427cf158316d012c5a12f233473c2f9c5fe5ab1ae5d21f3d8/zstandard-0.25.0-cp313-cp313-musllinux_1_2_x86_64.whl", hash = "sha256:4f187a0bb61b35119d1926aee039524d1f93aaf38a9916b8c4b78ac8514a0aaf", size = 5360113, upload-time = "2025-09-14T22:17:48.893Z" },
    { url = "https://files.pythonhosted.org/packages/8e/e0/69a553d2047f9a2c7347caa225bb3a63b6d7704ad74610cb7823baa08ed7/zstandard-0.25.0-cp313-cp313-win32.whl", hash = "sha256:7030defa83eef3e51ff26f0b7bfb229f0204b66fe18e04359ce3474ac33cbc09", size = 436936, upload-time = "2025-09-14T22:17:52.658Z" },
    { url = "https://files.pythonhosted.org/packages/d9/82/b9c06c870f3bd8767c201f1edbdf9e8dc34be5b0fbc5682c4f80fe948475/zstandard-0.25.0-cp313-cp313-win_amd64.whl", hash = "sha256:1f830a0dac88719af0ae43b8b2d6aef487d437036468ef3c2ea59c51f9d55fd5", size = 506232, upload-time = "2025-09-14T22:17:50.402Z" },
    { url = "https://files.pythonhosted.org/packages/d4/57/60c3c01243bb81d381c9916e2a6d9e149ab8627c0c7d7abb2d73384b3c0c/zstandard-0.25.0-cp313-cp313-win_arm64.whl", hash = "sha256:85304a43f4d513f5464ceb938aa02c1e78c2943b29f44a750b48b25ac999a049", size = 462671, upload-time = "2025-09-14T22:17:51.533Z" },
    { url = "https://files.pythonhosted.org/packages/3d/5c/f8923b595b55fe49e30612987ad8bf053aef555c14f05bb659dd5dbe3e8a/zstandard-0.25.0-cp314-cp314-macosx_10_13_x86_64.whl", hash = "sha256:e29f0cf06974c899b2c188ef7f783607dbef36da4c242eb6c82dcd8b512855e3", size = 795887, upload-time = "2025-09-14T22:17:54.198Z" },
    { url = "https://files.pythonhosted.org/packages/8d/09/d0a2a14fc3439c5f874042dca72a79c70a532090b7ba0003be73fee37ae2/zstandard-0.25.0-cp314-cp314-macosx_11_0_arm64.whl", hash = "sha256:05df5136bc5a011f33cd25bc9f506e7426c0c9b3f9954f056831ce68f3b6689f", size = 640658, upload-time = "2025-09-14T22:17:55.423Z" },
    { url = "https://files.pythonhosted.org/packages/5d/7c/8b6b71b1ddd517f68ffb55e10834388d4f793c49c6b83effaaa05785b0b4/zstandard-0.25.0-cp314-cp314-manylinux2010_i686.manylinux_2_12_i686.manylinux_2_28_i686.whl", hash = "sha256:f604efd28f239cc21b3adb53eb061e2a205dc164be408e553b41ba2ffe0ca15c", size = 5379849, upload-time = "2025-09-14T22:17:57.372Z" },
    { url = "https://files.pythonhosted.org/packages/a4/86/a48e56320d0a17189ab7a42645387334fba2200e904ee47fc5a26c1fd8ca/zstandard-0.25.0-cp314-cp314-manylinux2014_aarch64.manylinux_2_17_aarch64.manylinux_2_28_aarch64.whl", hash = "sha256:223415140608d0f0da010499eaa8ccdb9af210a543fac54bce15babbcfc78439", size = 5058095, upload-time = "2025-09-14T22:17:59.498Z" },
    { url = "https://files.pythonhosted.org/packages/f8/ad/eb659984ee2c0a779f9d06dbfe45e2dc39d99ff40a319895df2d3d9a48e5/zstandard-0.25.0-cp314-cp314-manylinux2014_ppc64le.manylinux_2_17_ppc64le.manylinux_2_28_ppc64le.whl", hash = "sha256:2e54296a283f3ab5a26fc9b8b5d4978ea0532f37b231644f367aa588930aa043", size = 5551751, upload-time = "2025-09-14T22:18:01.618Z" },
    { url = "https://files.pythonhosted.org/packages/61/b3/b637faea43677eb7bd42ab204dfb7053bd5c4582bfe6b1baefa80ac0c47b/zstandard-0.25.0-cp314-cp314-manylinux2014_s390x.manylinux_2_17_s390x.manylinux_2_28_s390x.whl", hash = "sha256:ca54090275939dc8ec5dea2d2afb400e0f83444b2fc24e07df7fdef677110859", size = 6364818, upload-time = "2025-09-14T22:18:03.769Z" },
    { url = "https://files.pythonhosted.org/packages/31/dc/cc50210e11e465c975462439a492516a73300ab8caa8f5e0902544fd748b/zstandard-0.25.0-cp314-cp314-manylinux2014_x86_64.manylinux_2_17_x86_64.manylinux_2_28_x86_64.whl", hash = "sha256:e09bb6252b6476d8d56100e8147b803befa9a12cea144bbe629dd508800d1ad0", size = 5560402, upload-time = "2025-09-14T22:18:05.954Z" },
    { url = "https://files.pythonhosted.org/packages/c9/ae/56523ae9c142f0c08efd5e868a6da613ae76614eca1305259c3bf6a0ed43/zstandard-0.25.0-cp314-cp314-musllinux_1_2_aarch64.whl", hash = "sha256:a9ec8c642d1ec73287ae3e726792dd86c96f5681eb8df274a757bf62b750eae7", size = 4955108, upload-time = "2025-09-14T22:18:07.68Z" },
    { url = "https://files.pythonhosted.org/packages/98/cf/c899f2d6df0840d5e384cf4c4121458c72802e8bda19691f3b16619f51e9/zstandard-0.25.0-cp314-cp314-musllinux_1_2_i686.whl", hash = "sha256:a4089a10e598eae6393756b036e0f419e8c1d60f44a831520f9af41c14216cf2", size = 5269248, upload-time = "2025-09-14T22:18:09.753Z" },
    { url = "https://files.pythonhosted.org/packages/1b/c0/59e912a531d91e1c192d3085fc0f6fb2852753c301a812d856d857ea03c6/zstandard-0.25.0-cp314-cp314-musllinux_1_2_ppc64le.whl", hash = "sha256:f67e8f1a324a900e75b5e28ffb152bcac9fbed1cc7b43f99cd90f395c4375344", size = 5430330, upload-time = "2025-09-14T22:18:11.966Z" },
    { url = "https://files.pythonhosted.org/packages/a0/1d/7e31db1240de2df22a58e2ea9a93fc6e38cc29353e660c0272b6735d6669/zstandard-0.25.0-cp314-cp314-musllinux_1_2_s390x.whl", hash = "sha256:9654dbc012d8b06fc3d19cc825af3f7bf8ae242226df5f83936cb39f5fdc846c", size = 5811123, upload-time = "2025-09-14T22:18:13.907Z" },
    { url = "https://files.pythonhosted.org/packages/f6/49/fac46df5ad353d50535e118d6983069df68ca5908d4d65b8c466150a4ff1/zstandard-0.25.0-cp314-cp314-musllinux_1_2_x86_64.whl", hash = "sha256:4203ce3b31aec23012d3a4cf4a2ed64d12fea5269c49aed5e4c3611b938e4088", size = 5359591, upload-time = "2025-09-14T22:18:16.465Z" },
    { url = "https://files.pythonhosted.org/packages/c2/38/f249a2050ad1eea0bb364046153942e34abba95dd5520af199aed86fbb49/zstandard-0.25.0-cp314-cp314-win32.whl", hash = "sha256:da469dc041701583e34de852d8634703550348d5822e66a0c827d39b05365b12", size = 444513, upload-time = "2025-09-14T22:18:20.61Z" },
    { url = "https://files.pythonhosted.org/packages/3a/43/241f9615bcf8ba8903b3f0432da069e857fc4fd1783bd26183db53c4804b/zstandard-0.25.0-cp314-cp314-win_amd64.whl", hash = "sha256:c19bcdd826e95671065f8692b5a4aa95c52dc7a02a4c5a0cac46deb879a017a2", size = 516118, upload-time = "2025-09-14T22:18:17.849Z" },
    { url = "https://files.pythonhosted.org/packages/f0/ef/da163ce2450ed4febf6467d77ccb4cd52c4c30ab45624bad26ca0a27260c/zstandard-0.25.0-cp314-cp314-win_arm64.whl", hash = "sha256:d7541afd73985c630bafcd6338d2518ae96060075f9463d7dc14cfb33514383d", size = 476940, upload-time = "2025-09-14T22:18:19.088Z" },
]
